
Microsoft Visual Studio Solution File, Format Version 12.00
# Visual Studio Version 17
VisualStudioVersion = 17.14.36705.20 d17.14
MinimumVisualStudioVersion = 10.0.40219.1
Project("{FAE04EC0-301F-11D3-BF4B-00C04F79EFBC}") = "Forms_LLCART_Projeto", "Forms_LLCART_Projeto\Forms_LLCART_Projeto.csproj", "{50584E1B-1E17-4017-A7EF-0A2A0ABFDB6A}"
EndProject
Global
	GlobalSection(SolutionConfigurationPlatforms) = preSolution
		Debug|Any CPU = Debug|Any CPU
		Release|Any CPU = Release|Any CPU
	EndGlobalSection
	GlobalSection(ProjectConfigurationPlatforms) = postSolution
		{50584E1B-1E17-4017-A7EF-0A2A0ABFDB6A}.Debug|Any CPU.ActiveCfg = Debug|Any CPU
		{50584E1B-1E17-4017-A7EF-0A2A0ABFDB6A}.Debug|Any CPU.Build.0 = Debug|Any CPU
		{50584E1B-1E17-4017-A7EF-0A2A0ABFDB6A}.Release|Any CPU.ActiveCfg = Release|Any CPU
		{50584E1B-1E17-4017-A7EF-0A2A0ABFDB6A}.Release|Any CPU.Build.0 = Release|Any CPU
	EndGlobalSection
	GlobalSection(SolutionProperties) = preSolution
		HideSolutionNode = FALSE
	EndGlobalSection
	GlobalSection(ExtensibilityGlobals) = postSolution
		SolutionGuid = {2E236CA2-C7D0-452E-A722-D80BDADDBBE2}
	EndGlobalSection
EndGlobal
